
Microsoft Visual Studio Solution File, Format Version 12.00
# Visual Studio 15
VisualStudioVersion = 15.0.27703.2035
MinimumVisualStudioVersion = 10.0.40219.1
Project("{FAE04EC0-301F-11D3-BF4B-00C04F79EFBC}") = "Insight.Database.Providers.DB2iSeries", "dev\Insight.Database.Providers.DB2iSeries.csproj", "{F75F40AB-3F60-4567-ACB5-8ED8EE3519DB}"
EndProject
Project("{FAE04EC0-301F-11D3-BF4B-00C04F79EFBC}") = "Insight.Tests.DB2iSeries", "test\Insight.Tests.DB2iSeries.csproj", "{A75EC055-8546-4123-821A-FF009C810B66}"
EndProject
Global
	GlobalSection(SolutionConfigurationPlatforms) = preSolution
		Debug|Any CPU = Debug|Any CPU
		Release|Any CPU = Release|Any CPU
	EndGlobalSection
	GlobalSection(ProjectConfigurationPlatforms) = postSolution
		{F75F40AB-3F60-4567-ACB5-8ED8EE3519DB}.Debug|Any CPU.ActiveCfg = Debug|Any CPU
		{F75F40AB-3F60-4567-ACB5-8ED8EE3519DB}.Debug|Any CPU.Build.0 = Debug|Any CPU
		{F75F40AB-3F60-4567-ACB5-8ED8EE3519DB}.Release|Any CPU.ActiveCfg = Release|Any CPU
		{F75F40AB-3F60-4567-ACB5-8ED8EE3519DB}.Release|Any CPU.Build.0 = Release|Any CPU
		{A75EC055-8546-4123-821A-FF009C810B66}.Debug|Any CPU.ActiveCfg = Debug|Any CPU
		{A75EC055-8546-4123-821A-FF009C810B66}.Debug|Any CPU.Build.0 = Debug|Any CPU
		{A75EC055-8546-4123-821A-FF009C810B66}.Release|Any CPU.ActiveCfg = Release|Any CPU
		{A75EC055-8546-4123-821A-FF009C810B66}.Release|Any CPU.Build.0 = Release|Any CPU
	EndGlobalSection
	GlobalSection(SolutionProperties) = preSolution
		HideSolutionNode = FALSE
	EndGlobalSection
	GlobalSection(ExtensibilityGlobals) = postSolution
		SolutionGuid = {AC831572-194A-4F68-BA1E-823D87E757E6}
	EndGlobalSection
EndGlobal
